{
    "_readme": [
        "This file locks the dependencies of your project to a known state",
        "Read more about it at https://getcomposer.org/doc/01-basic-usage.md#composer-lock-the-lock-file",
        "This file is @generated automatically"
    ],
    "hash": "1023fc7ef8fd0d4055ee35b2bba8aad8",
    "content-hash": "ad75f4bedc1e54053bb7dcb81daaa076",
    "packages": [
        {
            "name": "endroid/qrcode",
            "version": "1.7.4",
            "source": {
                "type": "git",
                "url": "https://github.com/endroid/QrCode.git",
                "reference": "ba35ed8f0686bc4ec82874752778ccb427261a41"
            },
            "dist": {
                "type": "zip",
                "url": "https://api.github.com/repos/endroid/QrCode/zipball/ba35ed8f0686bc4ec82874752778ccb427261a41",
                "reference": "ba35ed8f0686bc4ec82874752778ccb427261a41",
                "shasum": ""
            },
            "require": {
                "ext-gd": "*",
                "php": ">=5.3.0",
                "symfony/options-resolver": "^2.3|^3.0"
            },
            "type": "library",
            "extra": {
                "branch-alias": {
                    "dev-master": "1.x-dev"
                }
            },
            "autoload": {
                "psr-4": {
                    "Endroid\\QrCode\\": "src/"
                }
            },
            "notification-url": "https://packagist.org/downloads/",
            "license": [
                "MIT"
            ],
            "authors": [
                {
                    "name": "Jeroen van den Enden",
                    "email": "info@endroid.nl",
                    "homepage": "http://endroid.nl/"
                }
            ],
            "description": "Endroid QR Code",
            "homepage": "https://github.com/endroid/QrCode",
            "keywords": [
                "code",
                "endroid",
                "qr",
                "qrcode"
            ],
            "time": "2016-07-26 09:39:07"
        },
        {
            "name": "itbz/fpdf",
            "version": "dev-master",
            "source": {
                "type": "git",
                "url": "https://github.com/hanneskod/fpdf.git",
                "reference": "63340096907ef7525a9002d1ae3d0fd1ff376a6d"
            },
            "dist": {
                "type": "zip",
                "url": "https://api.github.com/repos/hanneskod/fpdf/zipball/63340096907ef7525a9002d1ae3d0fd1ff376a6d",
                "reference": "63340096907ef7525a9002d1ae3d0fd1ff376a6d",
                "shasum": ""
            },
            "require": {
                "php": ">=5.3.0"
            },
            "type": "library",
            "autoload": {
                "psr-0": {
                    "fpdf": "src/"
                }
            },
            "notification-url": "https://packagist.org/downloads/",
            "license": [
                "no usage restriction"
            ],
            "description": "Unofficial PSR-0 compliant version of the FPDF library",
            "homepage": "http://www.fpdf.org/",
            "time": "2016-05-27 09:02:54"
        },
        {
            "name": "phpmailer/phpmailer",
            "version": "dev-master",
            "source": {
                "type": "git",
                "url": "https://github.com/PHPMailer/PHPMailer.git",
                "reference": "4f7967ac91a25e8838fdb59df2f45030a1d39bc5"
            },
            "dist": {
                "type": "zip",
                "url": "https://api.github.com/repos/PHPMailer/PHPMailer/zipball/4f7967ac91a25e8838fdb59df2f45030a1d39bc5",
                "reference": "4f7967ac91a25e8838fdb59df2f45030a1d39bc5",
                "shasum": ""
            },
            "require": {
                "php": ">=5.0.0"
            },
            "require-dev": {
                "phpdocumentor/phpdocumentor": "*",
                "phpunit/phpunit": "4.7.*"
            },
            "suggest": {
                "league/oauth2-google": "Needed for Google XOAUTH2 authentication"
            },
            "type": "library",
            "autoload": {
                "classmap": [
                    "class.phpmailer.php",
                    "class.phpmaileroauth.php",
                    "class.phpmaileroauthgoogle.php",
                    "class.smtp.php",
                    "class.pop3.php",
                    "extras/EasyPeasyICS.php",
                    "extras/ntlm_sasl_client.php"
                ]
            },
            "notification-url": "https://packagist.org/downloads/",
            "license": [
                "LGPL-2.1"
            ],
            "authors": [
                {
                    "name": "Jim Jagielski",
                    "email": "jimjag@gmail.com"
                },
                {
                    "name": "Marcus Bointon",
                    "email": "phpmailer@synchromedia.co.uk"
                },
                {
                    "name": "Andy Prevost",
                    "email": "codeworxtech@users.sourceforge.net"
                },
                {
                    "name": "Brent R. Matzelle"
                }
            ],
            "description": "PHPMailer is a full-featured email creation and transfer class for PHP",
            "time": "2016-07-28 09:56:21"
        },
        {
            "name": "phpoffice/phpexcel",
            "version": "dev-master",
            "source": {
                "type": "git",
                "url": "https://github.com/PHPOffice/PHPExcel.git",
                "reference": "049e85ae98a90869e1bc83087f755010e9223091"
            },
            "dist": {
                "type": "zip",
                "url": "https://api.github.com/repos/PHPOffice/PHPExcel/zipball/049e85ae98a90869e1bc83087f755010e9223091",
                "reference": "049e85ae98a90869e1bc83087f755010e9223091",
                "shasum": ""
            },
            "require": {
                "ext-xml": "*",
                "ext-xmlwriter": "*",
                "php": ">=5.2.0"
            },
            "type": "library",
            "autoload": {
                "psr-0": {
                    "PHPExcel": "Classes/"
                }
            },
            "notification-url": "https://packagist.org/downloads/",
            "license": [
                "LGPL"
            ],
            "authors": [
                {
                    "name": "Maarten Balliauw",
                    "homepage": "http://blog.maartenballiauw.be"
                },
                {
                    "name": "Mark Baker"
                },
                {
                    "name": "Franck Lefevre",
                    "homepage": "http://blog.rootslabs.net"
                },
                {
                    "name": "Erik Tilt"
                }
            ],
            "description": "PHPExcel - OpenXML - Read, Create and Write Spreadsheet documents in PHP - Spreadsheet engine",
            "homepage": "http://phpexcel.codeplex.com",
            "keywords": [
                "OpenXML",
                "excel",
                "php",
                "spreadsheet",
                "xls",
                "xlsx"
            ],
            "time": "2015-05-05 00:10:25"
        },
        {
            "name": "symfony/options-resolver",
            "version": "v3.1.3",
            "source": {
                "type": "git",
                "url": "https://github.com/symfony/options-resolver.git",
                "reference": "30605874d99af0cde6c41fd39e18546330c38100"
            },
            "dist": {
                "type": "zip",
                "url": "https://api.github.com/repos/symfony/options-resolver/zipball/30605874d99af0cde6c41fd39e18546330c38100",
                "reference": "30605874d99af0cde6c41fd39e18546330c38100",
                "shasum": ""
            },
            "require": {
                "php": ">=5.5.9"
            },
            "type": "library",
            "extra": {
                "branch-alias": {
                    "dev-master": "3.1-dev"
                }
            },
            "autoload": {
                "psr-4": {
                    "Symfony\\Component\\OptionsResolver\\": ""
                },
                "exclude-from-classmap": [
                    "/Tests/"
                ]
            },
            "notification-url": "https://packagist.org/downloads/",
            "license": [
                "MIT"
            ],
            "authors": [
                {
                    "name": "Fabien Potencier",
                    "email": "fabien@symfony.com"
                },
                {
                    "name": "Symfony Community",
                    "homepage": "https://symfony.com/contributors"
                }
            ],
            "description": "Symfony OptionsResolver Component",
            "homepage": "https://symfony.com",
            "keywords": [
                "config",
                "configuration",
                "options"
            ],
            "time": "2016-05-12 15:59:27"
        }
    ],
    "packages-dev": [],
    "aliases": [],
    "minimum-stability": "stable",
    "stability-flags": {
        "itbz/fpdf": 20,
        "phpoffice/phpexcel": 20,
        "phpmailer/phpmailer": 20
    },
    "prefer-stable": false,
    "prefer-lowest": false,
    "platform": [],
    "platform-dev": []
}
